
Microsoft Visual Studio Solution File, Format Version 11.00
# Visual Studio 2010
Project("{FAE04EC0-301F-11D3-BF4B-00C04F79EFBC}") = "ResponsiveMeetingSearch", "ResponsiveMeetingSearch\ResponsiveMeetingSearch.csproj", "{EA55EB23-1579-4E11-8139-F29F8C126939}"
EndProject
Project("{FAE04EC0-301F-11D3-BF4B-00C04F79EFBC}") = "ResponsiveMeetingSearch.Data", "ResponsiveMeetingSearch.Data\ResponsiveMeetingSearch.Data.csproj", "{2BBF9004-A465-422B-B163-6FF73AAD169D}"
EndProject
Global
	GlobalSection(SolutionConfigurationPlatforms) = preSolution
		Debug|Any CPU = Debug|Any CPU
		Release|Any CPU = Release|Any CPU
	EndGlobalSection
	GlobalSection(ProjectConfigurationPlatforms) = postSolution
		{EA55EB23-1579-4E11-8139-F29F8C126939}.Debug|Any CPU.ActiveCfg = Debug|Any CPU
		{EA55EB23-1579-4E11-8139-F29F8C126939}.Debug|Any CPU.Build.0 = Debug|Any CPU
		{EA55EB23-1579-4E11-8139-F29F8C126939}.Release|Any CPU.ActiveCfg = Release|Any CPU
		{EA55EB23-1579-4E11-8139-F29F8C126939}.Release|Any CPU.Build.0 = Release|Any CPU
		{2BBF9004-A465-422B-B163-6FF73AAD169D}.Debug|Any CPU.ActiveCfg = Debug|Any CPU
		{2BBF9004-A465-422B-B163-6FF73AAD169D}.Debug|Any CPU.Build.0 = Debug|Any CPU
		{2BBF9004-A465-422B-B163-6FF73AAD169D}.Release|Any CPU.ActiveCfg = Release|Any CPU
		{2BBF9004-A465-422B-B163-6FF73AAD169D}.Release|Any CPU.Build.0 = Release|Any CPU
	EndGlobalSection
	GlobalSection(SolutionProperties) = preSolution
		HideSolutionNode = FALSE
	EndGlobalSection
	GlobalSection(ExtensibilityGlobals) = postSolution
		EnterpriseLibraryConfigurationToolBinariesPath = packages\Unity.2.1.505.2\lib\NET35
	EndGlobalSection
EndGlobal
